{
  "object": {
    "pins": [
      {
        "package": "PartialSheet",
        "repositoryURL": "https://github.com/AndreaMiotto/PartialSheet",
        "state": {
          "branch": null,
          "revision": "936465232b6399e402e79d5b031622af9a5e9960",
          "version": "2.1.11"
        }
      },
      {
        "package": "SwiftUILib-WrapStack",
        "repositoryURL": "https://github.com/swiftuilib/wrap-stack.git",
        "state": {
          "branch": null,
          "revision": "e3e29313dd9860a74d65f2f3b98a6c84c9b5a9d8",
          "version": "1.0.0"
        }
      }
    ]
  },
  "version": 1
}
