// !$*UTF8*$!
{
	archiveVersion = 1;
	classes = {
	};
	objectVersion = 50;
	objects = {

/* Begin PBXBuildFile section */
		044EA8FD25D9792F00739ECA /* ExerciseView.swift in Sources */ = {isa = PBXBuildFile; fileRef = 044EA8FC25D9792F00739ECA /* ExerciseView.swift */; };
		0457345D25DAB09300A8C64D /* HostingTableViewCell.swift in Sources */ = {isa = PBXBuildFile; fileRef = 0457345B25DAB09300A8C64D /* HostingTableViewCell.swift */; };
		0457345E25DAB09300A8C64D /* HostingTableViewCell.xib in Resources */ = {isa = PBXBuildFile; fileRef = 0457345C25DAB09300A8C64D /* HostingTableViewCell.xib */; };
		0457346325DABD1F00A8C64D /* RestViewController.swift in Sources */ = {isa = PBXBuildFile; fileRef = 0457346225DABD1F00A8C64D /* RestViewController.swift */; };
		0457346625DAC18100A8C64D /* TimerViewController.swift in Sources */ = {isa = PBXBuildFile; fileRef = 0457346525DAC18100A8C64D /* TimerViewController.swift */; };
		04E5B8C525D8167500162261 /* AppDelegate.swift in Sources */ = {isa = PBXBuildFile; fileRef = 04E5B8C425D8167500162261 /* AppDelegate.swift */; };
		04E5B8C725D8167500162261 /* SceneDelegate.swift in Sources */ = {isa = PBXBuildFile; fileRef = 04E5B8C625D8167500162261 /* SceneDelegate.swift */; };
		04E5B8C925D8167500162261 /* DayViewController.swift in Sources */ = {isa = PBXBuildFile; fileRef = 04E5B8C825D8167500162261 /* DayViewController.swift */; };
		04E5B8CC25D8167500162261 /* Main.storyboard in Resources */ = {isa = PBXBuildFile; fileRef = 04E5B8CA25D8167500162261 /* Main.storyboard */; };
		04E5B8CE25D8167500162261 /* Assets.xcassets in Resources */ = {isa = PBXBuildFile; fileRef = 04E5B8CD25D8167500162261 /* Assets.xcassets */; };
		04E5B8D125D8167500162261 /* LaunchScreen.storyboard in Resources */ = {isa = PBXBuildFile; fileRef = 04E5B8CF25D8167500162261 /* LaunchScreen.storyboard */; };
		04E5B8E025D817D800162261 /* ExerciseViewController.swift in Sources */ = {isa = PBXBuildFile; fileRef = 04E5B8DF25D817D800162261 /* ExerciseViewController.swift */; };
		04E5B8E425D8183100162261 /* DayTableViewCell.swift in Sources */ = {isa = PBXBuildFile; fileRef = 04E5B8E225D8183100162261 /* DayTableViewCell.swift */; };
		04E5B8E525D8183100162261 /* DayTableViewCell.xib in Resources */ = {isa = PBXBuildFile; fileRef = 04E5B8E325D8183100162261 /* DayTableViewCell.xib */; };
		04E5B8E925D81B1300162261 /* WorkoutDay.swift in Sources */ = {isa = PBXBuildFile; fileRef = 04E5B8E825D81B1300162261 /* WorkoutDay.swift */; };
		04E5B8EE25D81B4500162261 /* Exercise.swift in Sources */ = {isa = PBXBuildFile; fileRef = 04E5B8ED25D81B4500162261 /* Exercise.swift */; };
		04E5B8F125D81C4500162261 /* Constants.swift in Sources */ = {isa = PBXBuildFile; fileRef = 04E5B8F025D81C4500162261 /* Constants.swift */; };
		04E5B8F425D82D9200162261 /* WorkoutCoach.swift in Sources */ = {isa = PBXBuildFile; fileRef = 04E5B8F325D82D9200162261 /* WorkoutCoach.swift */; };
/* End PBXBuildFile section */

/* Begin PBXFileReference section */
		044EA8FC25D9792F00739ECA /* ExerciseView.swift */ = {isa = PBXFileReference; fileEncoding = 4; lastKnownFileType = sourcecode.swift; path = ExerciseView.swift; sourceTree = "<group>"; };
		0457345B25DAB09300A8C64D /* HostingTableViewCell.swift */ = {isa = PBXFileReference; lastKnownFileType = sourcecode.swift; path = HostingTableViewCell.swift; sourceTree = "<group>"; };
		0457345C25DAB09300A8C64D /* HostingTableViewCell.xib */ = {isa = PBXFileReference; lastKnownFileType = file.xib; path = HostingTableViewCell.xib; sourceTree = "<group>"; };
		0457346225DABD1F00A8C64D /* RestViewController.swift */ = {isa = PBXFileReference; lastKnownFileType = sourcecode.swift; path = RestViewController.swift; sourceTree = "<group>"; };
		0457346525DAC18100A8C64D /* TimerViewController.swift */ = {isa = PBXFileReference; lastKnownFileType = sourcecode.swift; path = TimerViewController.swift; sourceTree = "<group>"; };
		04E5B8C125D8167400162261 /* FitnessApp.app */ = {isa = PBXFileReference; explicitFileType = wrapper.application; includeInIndex = 0; path = FitnessApp.app; sourceTree = BUILT_PRODUCTS_DIR; };
		04E5B8C425D8167500162261 /* AppDelegate.swift */ = {isa = PBXFileReference; lastKnownFileType = sourcecode.swift; path = AppDelegate.swift; sourceTree = "<group>"; };
		04E5B8C625D8167500162261 /* SceneDelegate.swift */ = {isa = PBXFileReference; lastKnownFileType = sourcecode.swift; path = SceneDelegate.swift; sourceTree = "<group>"; };
		04E5B8C825D8167500162261 /* DayViewController.swift */ = {isa = PBXFileReference; lastKnownFileType = sourcecode.swift; path = DayViewController.swift; sourceTree = "<group>"; };
		04E5B8CB25D8167500162261 /* Base */ = {isa = PBXFileReference; lastKnownFileType = file.storyboard; name = Base; path = Base.lproj/Main.storyboard; sourceTree = "<group>"; };
		04E5B8CD25D8167500162261 /* Assets.xcassets */ = {isa = PBXFileReference; lastKnownFileType = folder.assetcatalog; path = Assets.xcassets; sourceTree = "<group>"; };
		04E5B8D025D8167500162261 /* Base */ = {isa = PBXFileReference; lastKnownFileType = file.storyboard; name = Base; path = Base.lproj/LaunchScreen.storyboard; sourceTree = "<group>"; };
		04E5B8D225D8167500162261 /* Info.plist */ = {isa = PBXFileReference; lastKnownFileType = text.plist.xml; path = Info.plist; sourceTree = "<group>"; };
		04E5B8DF25D817D800162261 /* ExerciseViewController.swift */ = {isa = PBXFileReference; lastKnownFileType = sourcecode.swift; path = ExerciseViewController.swift; sourceTree = "<group>"; };
		04E5B8E225D8183100162261 /* DayTableViewCell.swift */ = {isa = PBXFileReference; lastKnownFileType = sourcecode.swift; path = DayTableViewCell.swift; sourceTree = "<group>"; };
		04E5B8E325D8183100162261 /* DayTableViewCell.xib */ = {isa = PBXFileReference; lastKnownFileType = file.xib; path = DayTableViewCell.xib; sourceTree = "<group>"; };
		04E5B8E825D81B1300162261 /* WorkoutDay.swift */ = {isa = PBXFileReference; lastKnownFileType = sourcecode.swift; path = WorkoutDay.swift; sourceTree = "<group>"; };
		04E5B8ED25D81B4500162261 /* Exercise.swift */ = {isa = PBXFileReference; lastKnownFileType = sourcecode.swift; path = Exercise.swift; sourceTree = "<group>"; };
		04E5B8F025D81C4500162261 /* Constants.swift */ = {isa = PBXFileReference; lastKnownFileType = sourcecode.swift; path = Constants.swift; sourceTree = "<group>"; };
		04E5B8F325D82D9200162261 /* WorkoutCoach.swift */ = {isa = PBXFileReference; lastKnownFileType = sourcecode.swift; path = WorkoutCoach.swift; sourceTree = "<group>"; };
/* End PBXFileReference section */

/* Begin PBXFrameworksBuildPhase section */
		04E5B8BE25D8167400162261 /* Frameworks */ = {
			isa = PBXFrameworksBuildPhase;
			buildActionMask = 2147483647;
			files = (
			);
			runOnlyForDeploymentPostprocessing = 0;
		};
/* End PBXFrameworksBuildPhase section */

/* Begin PBXGroup section */
		04E5B8B825D8167400162261 = {
			isa = PBXGroup;
			children = (
				04E5B8C325D8167500162261 /* FitnessApp */,
				04E5B8C225D8167400162261 /* Products */,
			);
			sourceTree = "<group>";
		};
		04E5B8C225D8167400162261 /* Products */ = {
			isa = PBXGroup;
			children = (
				04E5B8C125D8167400162261 /* FitnessApp.app */,
			);
			name = Products;
			sourceTree = "<group>";
		};
		04E5B8C325D8167500162261 /* FitnessApp */ = {
			isa = PBXGroup;
			children = (
				04E5B8C425D8167500162261 /* AppDelegate.swift */,
				04E5B8C625D8167500162261 /* SceneDelegate.swift */,
				04E5B8E725D81B0300162261 /* Models */,
				04E5B8DD25D817B300162261 /* Controllers */,
				04E5B8DC25D817A800162261 /* Views */,
				04E5B8CD25D8167500162261 /* Assets.xcassets */,
				04E5B8CF25D8167500162261 /* LaunchScreen.storyboard */,
				04E5B8D225D8167500162261 /* Info.plist */,
				04E5B8F025D81C4500162261 /* Constants.swift */,
			);
			path = FitnessApp;
			sourceTree = "<group>";
		};
		04E5B8DC25D817A800162261 /* Views */ = {
			isa = PBXGroup;
			children = (
				044EA8FC25D9792F00739ECA /* ExerciseView.swift */,
				04E5B8CA25D8167500162261 /* Main.storyboard */,
				04E5B8E225D8183100162261 /* DayTableViewCell.swift */,
				04E5B8E325D8183100162261 /* DayTableViewCell.xib */,
				0457345B25DAB09300A8C64D /* HostingTableViewCell.swift */,
				0457345C25DAB09300A8C64D /* HostingTableViewCell.xib */,
			);
			path = Views;
			sourceTree = "<group>";
		};
		04E5B8DD25D817B300162261 /* Controllers */ = {
			isa = PBXGroup;
			children = (
				04E5B8C825D8167500162261 /* DayViewController.swift */,
				04E5B8DF25D817D800162261 /* ExerciseViewController.swift */,
				0457346225DABD1F00A8C64D /* RestViewController.swift */,
				0457346525DAC18100A8C64D /* TimerViewController.swift */,
			);
			path = Controllers;
			sourceTree = "<group>";
		};
		04E5B8E725D81B0300162261 /* Models */ = {
			isa = PBXGroup;
			children = (
				04E5B8E825D81B1300162261 /* WorkoutDay.swift */,
				04E5B8ED25D81B4500162261 /* Exercise.swift */,
				04E5B8F325D82D9200162261 /* WorkoutCoach.swift */,
			);
			path = Models;
			sourceTree = "<group>";
		};
/* End PBXGroup section */

/* Begin PBXNativeTarget section */
		04E5B8C025D8167400162261 /* FitnessApp */ = {
			isa = PBXNativeTarget;
			buildConfigurationList = 04E5B8D525D8167500162261 /* Build configuration list for PBXNativeTarget "FitnessApp" */;
			buildPhases = (
				04E5B8BD25D8167400162261 /* Sources */,
				04E5B8BE25D8167400162261 /* Frameworks */,
				04E5B8BF25D8167400162261 /* Resources */,
			);
			buildRules = (
			);
			dependencies = (
			);
			name = FitnessApp;
			packageProductDependencies = (
			);
			productName = FitnessApp;
			productReference = 04E5B8C125D8167400162261 /* FitnessApp.app */;
			productType = "com.apple.product-type.application";
		};
/* End PBXNativeTarget section */

/* Begin PBXProject section */
		04E5B8B925D8167400162261 /* Project object */ = {
			isa = PBXProject;
			attributes = {
				LastSwiftUpdateCheck = 1240;
				LastUpgradeCheck = 1240;
				TargetAttributes = {
					04E5B8C025D8167400162261 = {
						CreatedOnToolsVersion = 12.4;
					};
				};
			};
			buildConfigurationList = 04E5B8BC25D8167400162261 /* Build configuration list for PBXProject "FitnessApp" */;
			compatibilityVersion = "Xcode 9.3";
			developmentRegion = en;
			hasScannedForEncodings = 0;
			knownRegions = (
				en,
				Base,
			);
			mainGroup = 04E5B8B825D8167400162261;
			packageReferences = (
			);
			productRefGroup = 04E5B8C225D8167400162261 /* Products */;
			projectDirPath = "";
			projectRoot = "";
			targets = (
				04E5B8C025D8167400162261 /* FitnessApp */,
			);
		};
/* End PBXProject section */

/* Begin PBXResourcesBuildPhase section */
		04E5B8BF25D8167400162261 /* Resources */ = {
			isa = PBXResourcesBuildPhase;
			buildActionMask = 2147483647;
			files = (
				04E5B8D125D8167500162261 /* LaunchScreen.storyboard in Resources */,
				0457345E25DAB09300A8C64D /* HostingTableViewCell.xib in Resources */,
				04E5B8CE25D8167500162261 /* Assets.xcassets in Resources */,
				04E5B8E525D8183100162261 /* DayTableViewCell.xib in Resources */,
				04E5B8CC25D8167500162261 /* Main.storyboard in Resources */,
			);
			runOnlyForDeploymentPostprocessing = 0;
		};
/* End PBXResourcesBuildPhase section */

/* Begin PBXSourcesBuildPhase section */
		04E5B8BD25D8167400162261 /* Sources */ = {
			isa = PBXSourcesBuildPhase;
			buildActionMask = 2147483647;
			files = (
				04E5B8F425D82D9200162261 /* WorkoutCoach.swift in Sources */,
				044EA8FD25D9792F00739ECA /* ExerciseView.swift in Sources */,
				04E5B8C925D8167500162261 /* DayViewController.swift in Sources */,
				04E5B8C525D8167500162261 /* AppDelegate.swift in Sources */,
				0457346325DABD1F00A8C64D /* RestViewController.swift in Sources */,
				04E5B8E925D81B1300162261 /* WorkoutDay.swift in Sources */,
				04E5B8E425D8183100162261 /* DayTableViewCell.swift in Sources */,
				04E5B8E025D817D800162261 /* ExerciseViewController.swift in Sources */,
				0457345D25DAB09300A8C64D /* HostingTableViewCell.swift in Sources */,
				04E5B8EE25D81B4500162261 /* Exercise.swift in Sources */,
				0457346625DAC18100A8C64D /* TimerViewController.swift in Sources */,
				04E5B8C725D8167500162261 /* SceneDelegate.swift in Sources */,
				04E5B8F125D81C4500162261 /* Constants.swift in Sources */,
			);
			runOnlyForDeploymentPostprocessing = 0;
		};
/* End PBXSourcesBuildPhase section */

/* Begin PBXVariantGroup section */
		04E5B8CA25D8167500162261 /* Main.storyboard */ = {
			isa = PBXVariantGroup;
			children = (
				04E5B8CB25D8167500162261 /* Base */,
			);
			name = Main.storyboard;
			sourceTree = "<group>";
		};
		04E5B8CF25D8167500162261 /* LaunchScreen.storyboard */ = {
			isa = PBXVariantGroup;
			children = (
				04E5B8D025D8167500162261 /* Base */,
			);
			name = LaunchScreen.storyboard;
			sourceTree = "<group>";
		};
/* End PBXVariantGroup section */

/* Begin XCBuildConfiguration section */
		04E5B8D325D8167500162261 /* Debug */ = {
			isa = XCBuildConfiguration;
			buildSettings = {
				ALWAYS_SEARCH_USER_PATHS = NO;
				CLANG_ANALYZER_NONNULL = YES;
				CLANG_ANALYZER_NUMBER_OBJECT_CONVERSION = YES_AGGRESSIVE;
				CLANG_CXX_LANGUAGE_STANDARD = "gnu++14";
				CLANG_CXX_LIBRARY = "libc++";
				CLANG_ENABLE_MODULES = YES;
				CLANG_ENABLE_OBJC_ARC = YES;
				CLANG_ENABLE_OBJC_WEAK = YES;
				CLANG_WARN_BLOCK_CAPTURE_AUTORELEASING = YES;
				CLANG_WARN_BOOL_CONVERSION = YES;
				CLANG_WARN_COMMA = YES;
				CLANG_WARN_CONSTANT_CONVERSION = YES;
				CLANG_WARN_DEPRECATED_OBJC_IMPLEMENTATIONS = YES;
				CLANG_WARN_DIRECT_OBJC_ISA_USAGE = YES_ERROR;
				CLANG_WARN_DOCUMENTATION_COMMENTS = YES;
				CLANG_WARN_EMPTY_BODY = YES;
				CLANG_WARN_ENUM_CONVERSION = YES;
				CLANG_WARN_INFINITE_RECURSION = YES;
				CLANG_WARN_INT_CONVERSION = YES;
				CLANG_WARN_NON_LITERAL_NULL_CONVERSION = YES;
				CLANG_WARN_OBJC_IMPLICIT_RETAIN_SELF = YES;
				CLANG_WARN_OBJC_LITERAL_CONVERSION = YES;
				CLANG_WARN_OBJC_ROOT_CLASS = YES_ERROR;
				CLANG_WARN_QUOTED_INCLUDE_IN_FRAMEWORK_HEADER = YES;
				CLANG_WARN_RANGE_LOOP_ANALYSIS = YES;
				CLANG_WARN_STRICT_PROTOTYPES = YES;
				CLANG_WARN_SUSPICIOUS_MOVE = YES;
				CLANG_WARN_UNGUARDED_AVAILABILITY = YES_AGGRESSIVE;
				CLANG_WARN_UNREACHABLE_CODE = YES;
				CLANG_WARN__DUPLICATE_METHOD_MATCH = YES;
				COPY_PHASE_STRIP = NO;
				DEBUG_INFORMATION_FORMAT = dwarf;
				ENABLE_STRICT_OBJC_MSGSEND = YES;
				ENABLE_TESTABILITY = YES;
				GCC_C_LANGUAGE_STANDARD = gnu11;
				GCC_DYNAMIC_NO_PIC = NO;
				GCC_NO_COMMON_BLOCKS = YES;
				GCC_OPTIMIZATION_LEVEL = 0;
				GCC_PREPROCESSOR_DEFINITIONS = (
					"DEBUG=1",
					"$(inherited)",
				);
				GCC_WARN_64_TO_32_BIT_CONVERSION = YES;
				GCC_WARN_ABOUT_RETURN_TYPE = YES_ERROR;
				GCC_WARN_UNDECLARED_SELECTOR = YES;
				GCC_WARN_UNINITIALIZED_AUTOS = YES_AGGRESSIVE;
				GCC_WARN_UNUSED_FUNCTION = YES;
				GCC_WARN_UNUSED_VARIABLE = YES;
				IPHONEOS_DEPLOYMENT_TARGET = 14.4;
				MTL_ENABLE_DEBUG_INFO = INCLUDE_SOURCE;
				MTL_FAST_MATH = YES;
				ONLY_ACTIVE_ARCH = YES;
				SDKROOT = iphoneos;
				SWIFT_ACTIVE_COMPILATION_CONDITIONS = DEBUG;
				SWIFT_OPTIMIZATION_LEVEL = "-Onone";
			};
			name = Debug;
		};
		04E5B8D425D8167500162261 /* Release */ = {
			isa = XCBuildConfiguration;
			buildSettings = {
				ALWAYS_SEARCH_USER_PATHS = NO;
				CLANG_ANALYZER_NONNULL = YES;
				CLANG_ANALYZER_NUMBER_OBJECT_CONVERSION = YES_AGGRESSIVE;
				CLANG_CXX_LANGUAGE_STANDARD = "gnu++14";
				CLANG_CXX_LIBRARY = "libc++";
				CLANG_ENABLE_MODULES = YES;
				CLANG_ENABLE_OBJC_ARC = YES;
				CLANG_ENABLE_OBJC_WEAK = YES;
				CLANG_WARN_BLOCK_CAPTURE_AUTORELEASING = YES;
				CLANG_WARN_BOOL_CONVERSION = YES;
				CLANG_WARN_COMMA = YES;
				CLANG_WARN_CONSTANT_CONVERSION = YES;
				CLANG_WARN_DEPRECATED_OBJC_IMPLEMENTATIONS = YES;
				CLANG_WARN_DIRECT_OBJC_ISA_USAGE = YES_ERROR;
				CLANG_WARN_DOCUMENTATION_COMMENTS = YES;
				CLANG_WARN_EMPTY_BODY = YES;
				CLANG_WARN_ENUM_CONVERSION = YES;
				CLANG_WARN_INFINITE_RECURSION = YES;
				CLANG_WARN_INT_CONVERSION = YES;
				CLANG_WARN_NON_LITERAL_NULL_CONVERSION = YES;
				CLANG_WARN_OBJC_IMPLICIT_RETAIN_SELF = YES;
				CLANG_WARN_OBJC_LITERAL_CONVERSION = YES;
				CLANG_WARN_OBJC_ROOT_CLASS = YES_ERROR;
				CLANG_WARN_QUOTED_INCLUDE_IN_FRAMEWORK_HEADER = YES;
				CLANG_WARN_RANGE_LOOP_ANALYSIS = YES;
				CLANG_WARN_STRICT_PROTOTYPES = YES;
				CLANG_WARN_SUSPICIOUS_MOVE = YES;
				CLANG_WARN_UNGUARDED_AVAILABILITY = YES_AGGRESSIVE;
				CLANG_WARN_UNREACHABLE_CODE = YES;
				CLANG_WARN__DUPLICATE_METHOD_MATCH = YES;
				COPY_PHASE_STRIP = NO;
				DEBUG_INFORMATION_FORMAT = "dwarf-with-dsym";
				ENABLE_NS_ASSERTIONS = NO;
				ENABLE_STRICT_OBJC_MSGSEND = YES;
				GCC_C_LANGUAGE_STANDARD = gnu11;
				GCC_NO_COMMON_BLOCKS = YES;
				GCC_WARN_64_TO_32_BIT_CONVERSION = YES;
				GCC_WARN_ABOUT_RETURN_TYPE = YES_ERROR;
				GCC_WARN_UNDECLARED_SELECTOR = YES;
				GCC_WARN_UNINITIALIZED_AUTOS = YES_AGGRESSIVE;
				GCC_WARN_UNUSED_FUNCTION = YES;
				GCC_WARN_UNUSED_VARIABLE = YES;
				IPHONEOS_DEPLOYMENT_TARGET = 14.4;
				MTL_ENABLE_DEBUG_INFO = NO;
				MTL_FAST_MATH = YES;
				SDKROOT = iphoneos;
				SWIFT_COMPILATION_MODE = wholemodule;
				SWIFT_OPTIMIZATION_LEVEL = "-O";
				VALIDATE_PRODUCT = YES;
			};
			name = Release;
		};
		04E5B8D625D8167500162261 /* Debug */ = {
			isa = XCBuildConfiguration;
			buildSettings = {
				ASSETCATALOG_COMPILER_APPICON_NAME = AppIcon;
				ASSETCATALOG_COMPILER_GLOBAL_ACCENT_COLOR_NAME = AccentColor;
				CODE_SIGN_STYLE = Automatic;
				DEVELOPMENT_TEAM = 5AJ8E5TW48;
				INFOPLIST_FILE = FitnessApp/Info.plist;
				IPHONEOS_DEPLOYMENT_TARGET = 14.1;
				LD_RUNPATH_SEARCH_PATHS = (
					"$(inherited)",
					"@executable_path/Frameworks",
				);
				PRODUCT_BUNDLE_IDENTIFIER = com.coreybesmer.FitnessApp;
				PRODUCT_NAME = "$(TARGET_NAME)";
				SWIFT_VERSION = 5.0;
				TARGETED_DEVICE_FAMILY = "1,2";
			};
			name = Debug;
		};
		04E5B8D725D8167500162261 /* Release */ = {
			isa = XCBuildConfiguration;
			buildSettings = {
				ASSETCATALOG_COMPILER_APPICON_NAME = AppIcon;
				ASSETCATALOG_COMPILER_GLOBAL_ACCENT_COLOR_NAME = AccentColor;
				CODE_SIGN_STYLE = Automatic;
				DEVELOPMENT_TEAM = 5AJ8E5TW48;
				INFOPLIST_FILE = FitnessApp/Info.plist;
				IPHONEOS_DEPLOYMENT_TARGET = 14.1;
				LD_RUNPATH_SEARCH_PATHS = (
					"$(inherited)",
					"@executable_path/Frameworks",
				);
				PRODUCT_BUNDLE_IDENTIFIER = com.coreybesmer.FitnessApp;
				PRODUCT_NAME = "$(TARGET_NAME)";
				SWIFT_VERSION = 5.0;
				TARGETED_DEVICE_FAMILY = "1,2";
			};
			name = Release;
		};
/* End XCBuildConfiguration section */

/* Begin XCConfigurationList section */
		04E5B8BC25D8167400162261 /* Build configuration list for PBXProject "FitnessApp" */ = {
			isa = XCConfigurationList;
			buildConfigurations = (
				04E5B8D325D8167500162261 /* Debug */,
				04E5B8D425D8167500162261 /* Release */,
			);
			defaultConfigurationIsVisible = 0;
			defaultConfigurationName = Release;
		};
		04E5B8D525D8167500162261 /* Build configuration list for PBXNativeTarget "FitnessApp" */ = {
			isa = XCConfigurationList;
			buildConfigurations = (
				04E5B8D625D8167500162261 /* Debug */,
				04E5B8D725D8167500162261 /* Release */,
			);
			defaultConfigurationIsVisible = 0;
			defaultConfigurationName = Release;
		};
/* End XCConfigurationList section */
	};
	rootObject = 04E5B8B925D8167400162261 /* Project object */;
}
